
Microsoft Visual Studio Solution File, Format Version 12.00
# Visual Studio Version 17
VisualStudioVersion = 17.2.32630.192
MinimumVisualStudioVersion = 10.0.40219.1
Project("{9A19103F-16F7-4668-BE54-9A1E7A4F7556}") = "AWSSigning", "AWS_Signing\AWSSigning.csproj", "{E84A7923-8DA7-4F22-9049-95A4E8D007D0}"
EndProject
Global
	GlobalSection(SolutionConfigurationPlatforms) = preSolution
		Debug|Any CPU = Debug|Any CPU
		Release|Any CPU = Release|Any CPU
	EndGlobalSection
	GlobalSection(ProjectConfigurationPlatforms) = postSolution
		{E84A7923-8DA7-4F22-9049-95A4E8D007D0}.Debug|Any CPU.ActiveCfg = Debug|Any CPU
		{E84A7923-8DA7-4F22-9049-95A4E8D007D0}.Debug|Any CPU.Build.0 = Debug|Any CPU
		{E84A7923-8DA7-4F22-9049-95A4E8D007D0}.Release|Any CPU.ActiveCfg = Release|Any CPU
		{E84A7923-8DA7-4F22-9049-95A4E8D007D0}.Release|Any CPU.Build.0 = Release|Any CPU
	EndGlobalSection
	GlobalSection(SolutionProperties) = preSolution
		HideSolutionNode = FALSE
	EndGlobalSection
	GlobalSection(ExtensibilityGlobals) = postSolution
		SolutionGuid = {CEBE9B49-C4E2-44C7-922F-26432B1CD656}
	EndGlobalSection
EndGlobal
